
Microsoft Visual Studio Solution File, Format Version 12.00
# Visual Studio Version 16
VisualStudioVersion = 16.0.30621.155
MinimumVisualStudioVersion = 10.0.40219.1
Project("{FAE04EC0-301F-11D3-BF4B-00C04F79EFBC}") = "ConsoleApp-nmarti", "ConsoleApp-nmarti.csproj", "{77948041-421B-4A4A-A1D9-C71E02BB4C1A}"
EndProject
Global
	GlobalSection(SolutionConfigurationPlatforms) = preSolution
		Debug|Any CPU = Debug|Any CPU
		Release|Any CPU = Release|Any CPU
	EndGlobalSection
	GlobalSection(ProjectConfigurationPlatforms) = postSolution
		{77948041-421B-4A4A-A1D9-C71E02BB4C1A}.Debug|Any CPU.ActiveCfg = Debug|Any CPU
		{77948041-421B-4A4A-A1D9-C71E02BB4C1A}.Debug|Any CPU.Build.0 = Debug|Any CPU
		{77948041-421B-4A4A-A1D9-C71E02BB4C1A}.Release|Any CPU.ActiveCfg = Release|Any CPU
		{77948041-421B-4A4A-A1D9-C71E02BB4C1A}.Release|Any CPU.Build.0 = Release|Any CPU
	EndGlobalSection
	GlobalSection(SolutionProperties) = preSolution
		HideSolutionNode = FALSE
	EndGlobalSection
	GlobalSection(ExtensibilityGlobals) = postSolution
		SolutionGuid = {9856B618-7FDD-4CE2-9FA1-D39F580D6E6E}
	EndGlobalSection
EndGlobal
